
Microsoft Visual Studio Solution File, Format Version 12.00
# Visual Studio Version 17
VisualStudioVersion = 17.11.35303.130
MinimumVisualStudioVersion = 10.0.40219.1
Project("{FAE04EC0-301F-11D3-BF4B-00C04F79EFBC}") = "RickAndMortyDatabaseGenerator", "RickAndMortyDatabaseGenerator\RickAndMortyDatabaseGenerator.csproj", "{A1CF25B7-2B86-4DFC-96B0-7AB2CE6BE513}"
EndProject
Global
	GlobalSection(SolutionConfigurationPlatforms) = preSolution
		Debug|Any CPU = Debug|Any CPU
		Release|Any CPU = Release|Any CPU
	EndGlobalSection
	GlobalSection(ProjectConfigurationPlatforms) = postSolution
		{A1CF25B7-2B86-4DFC-96B0-7AB2CE6BE513}.Debug|Any CPU.ActiveCfg = Debug|Any CPU
		{A1CF25B7-2B86-4DFC-96B0-7AB2CE6BE513}.Debug|Any CPU.Build.0 = Debug|Any CPU
		{A1CF25B7-2B86-4DFC-96B0-7AB2CE6BE513}.Release|Any CPU.ActiveCfg = Release|Any CPU
		{A1CF25B7-2B86-4DFC-96B0-7AB2CE6BE513}.Release|Any CPU.Build.0 = Release|Any CPU
	EndGlobalSection
	GlobalSection(SolutionProperties) = preSolution
		HideSolutionNode = FALSE
	EndGlobalSection
	GlobalSection(ExtensibilityGlobals) = postSolution
		SolutionGuid = {8121166C-C62B-43B1-A777-FE7A7083D5CE}
	EndGlobalSection
EndGlobal
